
Microsoft Visual Studio Solution File, Format Version 12.00
# Visual Studio 15
VisualStudioVersion = 15.0.28307.902
MinimumVisualStudioVersion = 10.0.40219.1
Project("{FAE04EC0-301F-11D3-BF4B-00C04F79EFBC}") = "Gumtree", "Gumtree_Framework\Gumtree.csproj", "{8040973D-97E9-4EC1-8C39-A4C65072E38B}"
EndProject
Global
	GlobalSection(SolutionConfigurationPlatforms) = preSolution
		Debug|Any CPU = Debug|Any CPU
		Environment|Any CPU = Environment|Any CPU
		Release|Any CPU = Release|Any CPU
	EndGlobalSection
	GlobalSection(ProjectConfigurationPlatforms) = postSolution
		{8040973D-97E9-4EC1-8C39-A4C65072E38B}.Debug|Any CPU.ActiveCfg = Debug|Any CPU
		{8040973D-97E9-4EC1-8C39-A4C65072E38B}.Debug|Any CPU.Build.0 = Debug|Any CPU
		{8040973D-97E9-4EC1-8C39-A4C65072E38B}.Environment|Any CPU.ActiveCfg = Environment|Any CPU
		{8040973D-97E9-4EC1-8C39-A4C65072E38B}.Environment|Any CPU.Build.0 = Environment|Any CPU
		{8040973D-97E9-4EC1-8C39-A4C65072E38B}.Release|Any CPU.ActiveCfg = Release|Any CPU
		{8040973D-97E9-4EC1-8C39-A4C65072E38B}.Release|Any CPU.Build.0 = Release|Any CPU
	EndGlobalSection
	GlobalSection(SolutionProperties) = preSolution
		HideSolutionNode = FALSE
	EndGlobalSection
	GlobalSection(ExtensibilityGlobals) = postSolution
		SolutionGuid = {66E9DCA4-995C-421E-8854-B2291ED0C3BD}
	EndGlobalSection
EndGlobal
